
Microsoft Visual Studio Solution File, Format Version 12.00
# Visual Studio 15
VisualStudioVersion = 15.0.28010.2016
MinimumVisualStudioVersion = 10.0.40219.1
Project("{FAE04EC0-301F-11D3-BF4B-00C04F79EFBC}") = "PredictPlayers", "PredictPlayers\PredictPlayers.csproj", "{098E0213-A4E2-4C1B-88A1-21D4BC355618}"
EndProject
Global
	GlobalSection(SolutionConfigurationPlatforms) = preSolution
		Debug|Any CPU = Debug|Any CPU
		Release|Any CPU = Release|Any CPU
	EndGlobalSection
	GlobalSection(ProjectConfigurationPlatforms) = postSolution
		{098E0213-A4E2-4C1B-88A1-21D4BC355618}.Debug|Any CPU.ActiveCfg = Debug|Any CPU
		{098E0213-A4E2-4C1B-88A1-21D4BC355618}.Debug|Any CPU.Build.0 = Debug|Any CPU
		{098E0213-A4E2-4C1B-88A1-21D4BC355618}.Release|Any CPU.ActiveCfg = Release|Any CPU
		{098E0213-A4E2-4C1B-88A1-21D4BC355618}.Release|Any CPU.Build.0 = Release|Any CPU
	EndGlobalSection
	GlobalSection(SolutionProperties) = preSolution
		HideSolutionNode = FALSE
	EndGlobalSection
	GlobalSection(ExtensibilityGlobals) = postSolution
		SolutionGuid = {33154834-AFD9-4FA7-9C5F-FB9543773495}
	EndGlobalSection
EndGlobal
